
Microsoft Visual Studio Solution File, Format Version 12.00
# Visual Studio 2012
Project("{8BC9CEB8-8B4A-11D0-8D11-00A0C91BC942}") = "DummyFramework", "vc110\DummyFramework.vcxproj", "{9AC620E6-58E3-4BA9-BDA4-0A75378309AE}"
EndProject
Project("{8BC9CEB8-8B4A-11D0-8D11-00A0C91BC942}") = "Include", "vc110\Include.vcxproj", "{281AB309-2127-4C67-8017-15740F68E610}"
EndProject
Global
	GlobalSection(SolutionConfigurationPlatforms) = preSolution
		Debug|Win32 = Debug|Win32
		Release|Win32 = Release|Win32
	EndGlobalSection
	GlobalSection(ProjectConfigurationPlatforms) = postSolution
		{281AB309-2127-4C67-8017-15740F68E610}.Debug|Win32.ActiveCfg = Debug|Win32
		{281AB309-2127-4C67-8017-15740F68E610}.Debug|Win32.Build.0 = Debug|Win32
		{281AB309-2127-4C67-8017-15740F68E610}.Release|Win32.ActiveCfg = Release|Win32
		{281AB309-2127-4C67-8017-15740F68E610}.Release|Win32.Build.0 = Release|Win32
		{9AC620E6-58E3-4BA9-BDA4-0A75378309AE}.Debug|Win32.ActiveCfg = Debug|Win32
		{9AC620E6-58E3-4BA9-BDA4-0A75378309AE}.Debug|Win32.Build.0 = Debug|Win32
		{9AC620E6-58E3-4BA9-BDA4-0A75378309AE}.Release|Win32.ActiveCfg = Release|Win32
		{9AC620E6-58E3-4BA9-BDA4-0A75378309AE}.Release|Win32.Build.0 = Release|Win32
	EndGlobalSection
	GlobalSection(SolutionProperties) = preSolution
		HideSolutionNode = FALSE
	EndGlobalSection
EndGlobal
