<?xml version="1.0" encoding="utf-8"?>
<Project ToolsVersion="4.0" xmlns="http://schemas.microsoft.com/developer/msbuild/2003">
  <ItemGroup>
    <Filter Include="shaders">
      <UniqueIdentifier>{a07c5e57-56ab-4f7d-ae28-9ac2c01177a2}</UniqueIdentifier>
    </Filter>
    <Filter Include="resources">
      <UniqueIdentifier>{50661d47-0b9a-45e9-9a42-9a4685a6760a}</UniqueIdentifier>
    </Filter>
  </ItemGroup>
  <ItemGroup>
    <None Include="..\..\..\media\effects\bloom.fx">
      <Filter>shaders</Filter>
    </None>
    <None Include="..\..\..\media\effects\caustics.fx">
      <Filter>shaders</Filter>
    </None>
    <None Include="..\..\..\media\effects\raytrace.fxh">
      <Filter>shaders</Filter>
    </None>
    <None Include="..\..\..\media\effects\refraction.fx">
      <Filter>shaders</Filter>
    </None>
    <None Include="..\..\..\media\effects\shadowcaustic.fx">
      <Filter>shaders</Filter>
    </None>
    <None Include="..\..\resources\common.aps">
      <Filter>resources</Filter>
    </None>
  </ItemGroup>
  <ItemGroup>
    <ClInclude Include="..\..\source\caustics\caustics.h" />
    <ClInclude Include="..\..\resources\resource.h">
      <Filter>resources</Filter>
    </ClInclude>
  </ItemGroup>
  <ItemGroup>
    <ClCompile Include="..\..\source\caustics\caustics_eventhandlers.cpp" />
    <ClCompile Include="..\..\source\caustics\caustics_main.cpp" />
    <ClCompile Include="..\..\source\caustics\main.cpp" />
  </ItemGroup>
  <ItemGroup>
    <ResourceCompile Include="..\..\resources\common.rc">
      <Filter>resources</Filter>
    </ResourceCompile>
  </ItemGroup>
</Project>