<?xml version="1.0" encoding="utf-8"?>
<Project ToolsVersion="4.0" xmlns="http://schemas.microsoft.com/developer/msbuild/2003">
  <ItemGroup>
    <Filter Include="shaders">
      <UniqueIdentifier>{255caf87-41b2-4384-b572-e505853f33ed}</UniqueIdentifier>
    </Filter>
  </ItemGroup>
  <ItemGroup>
    <None Include="..\..\..\media\effects\bloom.fx">
      <Filter>shaders</Filter>
    </None>
    <None Include="..\..\..\media\effects\relief.fx">
      <Filter>shaders</Filter>
    </None>
    <None Include="..\..\..\media\effects\sky.fx">
      <Filter>shaders</Filter>
    </None>
  </ItemGroup>
  <ItemGroup>
    <ClCompile Include="..\..\source\relief\main.cpp" />
    <ClCompile Include="..\..\source\relief\relief_eventhandlers.cpp" />
    <ClCompile Include="..\..\source\relief\relief_main.cpp" />
  </ItemGroup>
  <ItemGroup>
    <ClInclude Include="..\..\source\relief\relief.h" />
  </ItemGroup>
</Project>