<?xml version="1.0" encoding="utf-8"?>
<Project ToolsVersion="4.0" xmlns="http://schemas.microsoft.com/developer/msbuild/2003">
  <ItemGroup>
    <Filter Include="shaders">
      <UniqueIdentifier>{05992f23-d6e9-438b-aed9-0083996fe8bb}</UniqueIdentifier>
    </Filter>
  </ItemGroup>
  <ItemGroup>
    <None Include="..\..\..\media\effects\bloom.fx">
      <Filter>shaders</Filter>
    </None>
  </ItemGroup>
  <ItemGroup>
    <ClCompile Include="..\..\source\winapitest\main.cpp" />
    <ClCompile Include="..\..\source\winapitest\winapitest_eventhandlers.cpp" />
    <ClCompile Include="..\..\source\winapitest\winapitest_gui.cpp" />
    <ClCompile Include="..\..\source\winapitest\winapitest_main.cpp" />
  </ItemGroup>
  <ItemGroup>
    <ClInclude Include="..\..\source\winapitest\winapitest.h" />
  </ItemGroup>
</Project>