<?xml version="1.0" encoding="utf-8"?>
<Project ToolsVersion="4.0" xmlns="http://schemas.microsoft.com/developer/msbuild/2003">
  <ItemGroup>
    <Filter Include="game">
      <UniqueIdentifier>{64f6bc88-ed8a-4465-bbad-24cfa93aae77}</UniqueIdentifier>
    </Filter>
    <Filter Include="resources">
      <UniqueIdentifier>{df648184-4109-4772-aa82-c4a783d334a5}</UniqueIdentifier>
    </Filter>
  </ItemGroup>
  <ItemGroup>
    <ClCompile Include="..\..\source\aircraft\airplane.cpp">
      <Filter>game</Filter>
    </ClCompile>
    <ClCompile Include="..\..\source\aircraft\aircraft_eventhandlers.cpp" />
    <ClCompile Include="..\..\source\aircraft\aircraft_main.cpp" />
    <ClCompile Include="..\..\source\aircraft\main.cpp" />
  </ItemGroup>
  <ItemGroup>
    <ClInclude Include="..\..\source\aircraft\airplane.h">
      <Filter>game</Filter>
    </ClInclude>
    <ClInclude Include="..\..\source\aircraft\aircraft.h" />
    <ClInclude Include="..\..\resources\resource.h">
      <Filter>resources</Filter>
    </ClInclude>
  </ItemGroup>
  <ItemGroup>
    <None Include="..\..\resources\common.aps">
      <Filter>resources</Filter>
    </None>
  </ItemGroup>
  <ItemGroup>
    <ResourceCompile Include="..\..\resources\common.rc">
      <Filter>resources</Filter>
    </ResourceCompile>
  </ItemGroup>
</Project>