
Microsoft Visual Studio Solution File, Format Version 9.00
# Visual Studio 2005
Project("{742BDBC9-E9D0-46B1-9D85-92D8EAA22755}") = "SpaceBang2", "SpaceBang2_V80.vcproj", "{342474E0-7785-425F-B63E-B8EB57881367}"
EndProject
Global
	GlobalSection(SolutionConfigurationPlatforms) = preSolution
		Debug|Win32 = Debug|Win32
		Release|Win32 = Release|Win32
	EndGlobalSection
	GlobalSection(ProjectConfigurationPlatforms) = postSolution
		{742BDBC9-E9D0-46B1-9D85-92D8EAA22755}.Debug|Win32.ActiveCfg = Debug|Win32
		{742BDBC9-E9D0-46B1-9D85-92D8EAA22755}.Debug|Win32.Build.0 = Debug|Win32
		{742BDBC9-E9D0-46B1-9D85-92D8EAA22755}.Release|Win32.ActiveCfg = Release|Win32
		{742BDBC9-E9D0-46B1-9D85-92D8EAA22755}.Release|Win32.Build.0 = Release|Win32
	EndGlobalSection
	GlobalSection(SolutionProperties) = preSolution
		HideSolutionNode = FALSE
	EndGlobalSection
EndGlobal
